
Microsoft Visual Studio Solution File, Format Version 12.00
# Visual Studio Version 17
VisualStudioVersion = 17.9.34728.123
MinimumVisualStudioVersion = 10.0.40219.1
Project("{FAE04EC0-301F-11D3-BF4B-00C04F79EFBC}") = "SampleWebApp-GitHub", "SampleWebApp-GitHub\SampleWebApp-GitHub.csproj", "{F318689E-E4E6-4ECE-90CB-BA865977871B}"
EndProject
Global
	GlobalSection(SolutionConfigurationPlatforms) = preSolution
		Debug|Any CPU = Debug|Any CPU
		Release|Any CPU = Release|Any CPU
	EndGlobalSection
	GlobalSection(ProjectConfigurationPlatforms) = postSolution
		{F318689E-E4E6-4ECE-90CB-BA865977871B}.Debug|Any CPU.ActiveCfg = Debug|Any CPU
		{F318689E-E4E6-4ECE-90CB-BA865977871B}.Debug|Any CPU.Build.0 = Debug|Any CPU
		{F318689E-E4E6-4ECE-90CB-BA865977871B}.Release|Any CPU.ActiveCfg = Release|Any CPU
		{F318689E-E4E6-4ECE-90CB-BA865977871B}.Release|Any CPU.Build.0 = Release|Any CPU
	EndGlobalSection
	GlobalSection(SolutionProperties) = preSolution
		HideSolutionNode = FALSE
	EndGlobalSection
	GlobalSection(ExtensibilityGlobals) = postSolution
		SolutionGuid = {B4F62BE7-8886-4333-B964-BABAD076AAE9}
	EndGlobalSection
EndGlobal
